{
  "requires": true,
  "lockfileVersion": 1,
  "dependencies": {
    "glyphicons-only-bootstrap": {
      "version": "1.0.1",
      "resolved": "https://lgi-atom-sat-npm.projects.prodaptconsulting.com:443/glyphicons-only-bootstrap/-/glyphicons-only-bootstrap-1.0.1.tgz",
      "integrity": "sha1-oE+aJaIMRhP5j5cLB69AkYoR73w="
    }
  }
}
